// !$*UTF8*$!
{
	archiveVersion = 1;
	classes = {
	};
	objectVersion = 46;
	objects = {

/* Begin PBXBuildFile section */
		143EB3E91D18889C0068BBDB /* AppDelegate.swift in Sources */ = {isa = PBXBuildFile; fileRef = 143EB3E81D18889C0068BBDB /* AppDelegate.swift */; };
		143EB3EB1D18889C0068BBDB /* ViewController.swift in Sources */ = {isa = PBXBuildFile; fileRef = 143EB3EA1D18889C0068BBDB /* ViewController.swift */; };
		143EB3EE1D18889C0068BBDB /* Main.storyboard in Resources */ = {isa = PBXBuildFile; fileRef = 143EB3EC1D18889C0068BBDB /* Main.storyboard */; };
		143EB3F01D18889C0068BBDB /* Assets.xcassets in Resources */ = {isa = PBXBuildFile; fileRef = 143EB3EF1D18889C0068BBDB /* Assets.xcassets */; };
		143EB3F31D18889C0068BBDB /* LaunchScreen.storyboard in Resources */ = {isa = PBXBuildFile; fileRef = 143EB3F11D18889C0068BBDB /* LaunchScreen.storyboard */; };
		143EB3FD1D1889080068BBDB /* UserModel.swift in Sources */ = {isa = PBXBuildFile; fileRef = 143EB3FB1D1889080068BBDB /* UserModel.swift */; };
		143EB3FE1D1889080068BBDB /* UserSeedHelper.swift in Sources */ = {isa = PBXBuildFile; fileRef = 143EB3FC1D1889080068BBDB /* UserSeedHelper.swift */; };
		143EB4001D1889200068BBDB /* Constants.swift in Sources */ = {isa = PBXBuildFile; fileRef = 143EB3FF1D1889200068BBDB /* Constants.swift */; };
		143EB4021D1889350068BBDB /* random_users.json in Resources */ = {isa = PBXBuildFile; fileRef = 143EB4011D1889350068BBDB /* random_users.json */; };
/* End PBXBuildFile section */

/* Begin PBXFileReference section */
		143EB3E51D18889C0068BBDB /* CatFailableInitializers.app */ = {isa = PBXFileReference; explicitFileType = wrapper.application; includeInIndex = 0; path = CatFailableInitializers.app; sourceTree = BUILT_PRODUCTS_DIR; };
		143EB3E81D18889C0068BBDB /* AppDelegate.swift */ = {isa = PBXFileReference; lastKnownFileType = sourcecode.swift; path = AppDelegate.swift; sourceTree = "<group>"; };
		143EB3EA1D18889C0068BBDB /* ViewController.swift */ = {isa = PBXFileReference; lastKnownFileType = sourcecode.swift; path = ViewController.swift; sourceTree = "<group>"; };
		143EB3ED1D18889C0068BBDB /* Base */ = {isa = PBXFileReference; lastKnownFileType = file.storyboard; name = Base; path = Base.lproj/Main.storyboard; sourceTree = "<group>"; };
		143EB3EF1D18889C0068BBDB /* Assets.xcassets */ = {isa = PBXFileReference; lastKnownFileType = folder.assetcatalog; path = Assets.xcassets; sourceTree = "<group>"; };
		143EB3F21D18889C0068BBDB /* Base */ = {isa = PBXFileReference; lastKnownFileType = file.storyboard; name = Base; path = Base.lproj/LaunchScreen.storyboard; sourceTree = "<group>"; };
		143EB3F41D18889C0068BBDB /* Info.plist */ = {isa = PBXFileReference; lastKnownFileType = text.plist.xml; path = Info.plist; sourceTree = "<group>"; };
		143EB3FB1D1889080068BBDB /* UserModel.swift */ = {isa = PBXFileReference; fileEncoding = 4; lastKnownFileType = sourcecode.swift; name = UserModel.swift; path = ../../CatUserDefaults/CatUserDefaults/UserModel.swift; sourceTree = "<group>"; };
		143EB3FC1D1889080068BBDB /* UserSeedHelper.swift */ = {isa = PBXFileReference; fileEncoding = 4; lastKnownFileType = sourcecode.swift; name = UserSeedHelper.swift; path = ../../CatUserDefaults/CatUserDefaults/UserSeedHelper.swift; sourceTree = "<group>"; };
		143EB3FF1D1889200068BBDB /* Constants.swift */ = {isa = PBXFileReference; fileEncoding = 4; lastKnownFileType = sourcecode.swift; name = Constants.swift; path = ../../CatUserDefaults/CatUserDefaults/Constants.swift; sourceTree = "<group>"; };
		143EB4011D1889350068BBDB /* random_users.json */ = {isa = PBXFileReference; fileEncoding = 4; lastKnownFileType = text.json; name = random_users.json; path = ../../CatUserDefaults/random_users.json; sourceTree = "<group>"; };
/* End PBXFileReference section */

/* Begin PBXFrameworksBuildPhase section */
		143EB3E21D18889C0068BBDB /* Frameworks */ = {
			isa = PBXFrameworksBuildPhase;
			buildActionMask = 2147483647;
			files = (
			);
			runOnlyForDeploymentPostprocessing = 0;
		};
/* End PBXFrameworksBuildPhase section */

/* Begin PBXGroup section */
		143EB3DC1D18889C0068BBDB = {
			isa = PBXGroup;
			children = (
				143EB3E71D18889C0068BBDB /* CatFailableInitializers */,
				143EB3E61D18889C0068BBDB /* Products */,
			);
			sourceTree = "<group>";
		};
		143EB3E61D18889C0068BBDB /* Products */ = {
			isa = PBXGroup;
			children = (
				143EB3E51D18889C0068BBDB /* CatFailableInitializers.app */,
			);
			name = Products;
			sourceTree = "<group>";
		};
		143EB3E71D18889C0068BBDB /* CatFailableInitializers */ = {
			isa = PBXGroup;
			children = (
				143EB3FF1D1889200068BBDB /* Constants.swift */,
				143EB3FB1D1889080068BBDB /* UserModel.swift */,
				143EB3FC1D1889080068BBDB /* UserSeedHelper.swift */,
				143EB4041D1889530068BBDB /* App Delegate */,
				143EB4031D18894C0068BBDB /* View Controllers */,
				143EB3FA1D1888DD0068BBDB /* Supporting Files */,
			);
			path = CatFailableInitializers;
			sourceTree = "<group>";
		};
		143EB3FA1D1888DD0068BBDB /* Supporting Files */ = {
			isa = PBXGroup;
			children = (
				143EB4011D1889350068BBDB /* random_users.json */,
				143EB3EC1D18889C0068BBDB /* Main.storyboard */,
				143EB3EF1D18889C0068BBDB /* Assets.xcassets */,
				143EB3F11D18889C0068BBDB /* LaunchScreen.storyboard */,
				143EB3F41D18889C0068BBDB /* Info.plist */,
			);
			name = "Supporting Files";
			sourceTree = "<group>";
		};
		143EB4031D18894C0068BBDB /* View Controllers */ = {
			isa = PBXGroup;
			children = (
				143EB3EA1D18889C0068BBDB /* ViewController.swift */,
			);
			name = "View Controllers";
			sourceTree = "<group>";
		};
		143EB4041D1889530068BBDB /* App Delegate */ = {
			isa = PBXGroup;
			children = (
				143EB3E81D18889C0068BBDB /* AppDelegate.swift */,
			);
			name = "App Delegate";
			sourceTree = "<group>";
		};
/* End PBXGroup section */

/* Begin PBXNativeTarget section */
		143EB3E41D18889C0068BBDB /* CatFailableInitializers */ = {
			isa = PBXNativeTarget;
			buildConfigurationList = 143EB3F71D18889C0068BBDB /* Build configuration list for PBXNativeTarget "CatFailableInitializers" */;
			buildPhases = (
				143EB3E11D18889C0068BBDB /* Sources */,
				143EB3E21D18889C0068BBDB /* Frameworks */,
				143EB3E31D18889C0068BBDB /* Resources */,
			);
			buildRules = (
			);
			dependencies = (
			);
			name = CatFailableInitializers;
			productName = CatFailableInitializers;
			productReference = 143EB3E51D18889C0068BBDB /* CatFailableInitializers.app */;
			productType = "com.apple.product-type.application";
		};
/* End PBXNativeTarget section */

/* Begin PBXProject section */
		143EB3DD1D18889C0068BBDB /* Project object */ = {
			isa = PBXProject;
			attributes = {
				LastSwiftUpdateCheck = 0730;
				LastUpgradeCheck = 0730;
				ORGANIZATIONNAME = catthoughts;
				TargetAttributes = {
					143EB3E41D18889C0068BBDB = {
						CreatedOnToolsVersion = 7.3.1;
					};
				};
			};
			buildConfigurationList = 143EB3E01D18889C0068BBDB /* Build configuration list for PBXProject "CatFailableInitializers" */;
			compatibilityVersion = "Xcode 3.2";
			developmentRegion = English;
			hasScannedForEncodings = 0;
			knownRegions = (
				en,
				Base,
			);
			mainGroup = 143EB3DC1D18889C0068BBDB;
			productRefGroup = 143EB3E61D18889C0068BBDB /* Products */;
			projectDirPath = "";
			projectRoot = "";
			targets = (
				143EB3E41D18889C0068BBDB /* CatFailableInitializers */,
			);
		};
/* End PBXProject section */

/* Begin PBXResourcesBuildPhase section */
		143EB3E31D18889C0068BBDB /* Resources */ = {
			isa = PBXResourcesBuildPhase;
			buildActionMask = 2147483647;
			files = (
				143EB3F31D18889C0068BBDB /* LaunchScreen.storyboard in Resources */,
				143EB3F01D18889C0068BBDB /* Assets.xcassets in Resources */,
				143EB3EE1D18889C0068BBDB /* Main.storyboard in Resources */,
				143EB4021D1889350068BBDB /* random_users.json in Resources */,
			);
			runOnlyForDeploymentPostprocessing = 0;
		};
/* End PBXResourcesBuildPhase section */

/* Begin PBXSourcesBuildPhase section */
		143EB3E11D18889C0068BBDB /* Sources */ = {
			isa = PBXSourcesBuildPhase;
			buildActionMask = 2147483647;
			files = (
				143EB4001D1889200068BBDB /* Constants.swift in Sources */,
				143EB3EB1D18889C0068BBDB /* ViewController.swift in Sources */,
				143EB3FD1D1889080068BBDB /* UserModel.swift in Sources */,
				143EB3E91D18889C0068BBDB /* AppDelegate.swift in Sources */,
				143EB3FE1D1889080068BBDB /* UserSeedHelper.swift in Sources */,
			);
			runOnlyForDeploymentPostprocessing = 0;
		};
/* End PBXSourcesBuildPhase section */

/* Begin PBXVariantGroup section */
		143EB3EC1D18889C0068BBDB /* Main.storyboard */ = {
			isa = PBXVariantGroup;
			children = (
				143EB3ED1D18889C0068BBDB /* Base */,
			);
			name = Main.storyboard;
			sourceTree = "<group>";
		};
		143EB3F11D18889C0068BBDB /* LaunchScreen.storyboard */ = {
			isa = PBXVariantGroup;
			children = (
				143EB3F21D18889C0068BBDB /* Base */,
			);
			name = LaunchScreen.storyboard;
			sourceTree = "<group>";
		};
/* End PBXVariantGroup section */

/* Begin XCBuildConfiguration section */
		143EB3F51D18889C0068BBDB /* Debug */ = {
			isa = XCBuildConfiguration;
			buildSettings = {
				ALWAYS_SEARCH_USER_PATHS = NO;
				CLANG_ANALYZER_NONNULL = YES;
				CLANG_CXX_LANGUAGE_STANDARD = "gnu++0x";
				CLANG_CXX_LIBRARY = "libc++";
				CLANG_ENABLE_MODULES = YES;
				CLANG_ENABLE_OBJC_ARC = YES;
				CLANG_WARN_BOOL_CONVERSION = YES;
				CLANG_WARN_CONSTANT_CONVERSION = YES;
				CLANG_WARN_DIRECT_OBJC_ISA_USAGE = YES_ERROR;
				CLANG_WARN_EMPTY_BODY = YES;
				CLANG_WARN_ENUM_CONVERSION = YES;
				CLANG_WARN_INT_CONVERSION = YES;
				CLANG_WARN_OBJC_ROOT_CLASS = YES_ERROR;
				CLANG_WARN_UNREACHABLE_CODE = YES;
				CLANG_WARN__DUPLICATE_METHOD_MATCH = YES;
				"CODE_SIGN_IDENTITY[sdk=iphoneos*]" = "iPhone Developer";
				COPY_PHASE_STRIP = NO;
				DEBUG_INFORMATION_FORMAT = dwarf;
				ENABLE_STRICT_OBJC_MSGSEND = YES;
				ENABLE_TESTABILITY = YES;
				GCC_C_LANGUAGE_STANDARD = gnu99;
				GCC_DYNAMIC_NO_PIC = NO;
				GCC_NO_COMMON_BLOCKS = YES;
				GCC_OPTIMIZATION_LEVEL = 0;
				GCC_PREPROCESSOR_DEFINITIONS = (
					"DEBUG=1",
					"$(inherited)",
				);
				GCC_WARN_64_TO_32_BIT_CONVERSION = YES;
				GCC_WARN_ABOUT_RETURN_TYPE = YES_ERROR;
				GCC_WARN_UNDECLARED_SELECTOR = YES;
				GCC_WARN_UNINITIALIZED_AUTOS = YES_AGGRESSIVE;
				GCC_WARN_UNUSED_FUNCTION = YES;
				GCC_WARN_UNUSED_VARIABLE = YES;
				IPHONEOS_DEPLOYMENT_TARGET = 9.3;
				MTL_ENABLE_DEBUG_INFO = YES;
				ONLY_ACTIVE_ARCH = YES;
				SDKROOT = iphoneos;
				SWIFT_OPTIMIZATION_LEVEL = "-Onone";
			};
			name = Debug;
		};
		143EB3F61D18889C0068BBDB /* Release */ = {
			isa = XCBuildConfiguration;
			buildSettings = {
				ALWAYS_SEARCH_USER_PATHS = NO;
				CLANG_ANALYZER_NONNULL = YES;
				CLANG_CXX_LANGUAGE_STANDARD = "gnu++0x";
				CLANG_CXX_LIBRARY = "libc++";
				CLANG_ENABLE_MODULES = YES;
				CLANG_ENABLE_OBJC_ARC = YES;
				CLANG_WARN_BOOL_CONVERSION = YES;
				CLANG_WARN_CONSTANT_CONVERSION = YES;
				CLANG_WARN_DIRECT_OBJC_ISA_USAGE = YES_ERROR;
				CLANG_WARN_EMPTY_BODY = YES;
				CLANG_WARN_ENUM_CONVERSION = YES;
				CLANG_WARN_INT_CONVERSION = YES;
				CLANG_WARN_OBJC_ROOT_CLASS = YES_ERROR;
				CLANG_WARN_UNREACHABLE_CODE = YES;
				CLANG_WARN__DUPLICATE_METHOD_MATCH = YES;
				"CODE_SIGN_IDENTITY[sdk=iphoneos*]" = "iPhone Developer";
				COPY_PHASE_STRIP = NO;
				DEBUG_INFORMATION_FORMAT = "dwarf-with-dsym";
				ENABLE_NS_ASSERTIONS = NO;
				ENABLE_STRICT_OBJC_MSGSEND = YES;
				GCC_C_LANGUAGE_STANDARD = gnu99;
				GCC_NO_COMMON_BLOCKS = YES;
				GCC_WARN_64_TO_32_BIT_CONVERSION = YES;
				GCC_WARN_ABOUT_RETURN_TYPE = YES_ERROR;
				GCC_WARN_UNDECLARED_SELECTOR = YES;
				GCC_WARN_UNINITIALIZED_AUTOS = YES_AGGRESSIVE;
				GCC_WARN_UNUSED_FUNCTION = YES;
				GCC_WARN_UNUSED_VARIABLE = YES;
				IPHONEOS_DEPLOYMENT_TARGET = 9.3;
				MTL_ENABLE_DEBUG_INFO = NO;
				SDKROOT = iphoneos;
				VALIDATE_PRODUCT = YES;
			};
			name = Release;
		};
		143EB3F81D18889C0068BBDB /* Debug */ = {
			isa = XCBuildConfiguration;
			buildSettings = {
				ASSETCATALOG_COMPILER_APPICON_NAME = AppIcon;
				INFOPLIST_FILE = CatFailableInitializers/Info.plist;
				LD_RUNPATH_SEARCH_PATHS = "$(inherited) @executable_path/Frameworks";
				PRODUCT_BUNDLE_IDENTIFIER = catthoughts.CatFailableInitializers;
				PRODUCT_NAME = "$(TARGET_NAME)";
			};
			name = Debug;
		};
		143EB3F91D18889C0068BBDB /* Release */ = {
			isa = XCBuildConfiguration;
			buildSettings = {
				ASSETCATALOG_COMPILER_APPICON_NAME = AppIcon;
				INFOPLIST_FILE = CatFailableInitializers/Info.plist;
				LD_RUNPATH_SEARCH_PATHS = "$(inherited) @executable_path/Frameworks";
				PRODUCT_BUNDLE_IDENTIFIER = catthoughts.CatFailableInitializers;
				PRODUCT_NAME = "$(TARGET_NAME)";
			};
			name = Release;
		};
/* End XCBuildConfiguration section */

/* Begin XCConfigurationList section */
		143EB3E01D18889C0068BBDB /* Build configuration list for PBXProject "CatFailableInitializers" */ = {
			isa = XCConfigurationList;
			buildConfigurations = (
				143EB3F51D18889C0068BBDB /* Debug */,
				143EB3F61D18889C0068BBDB /* Release */,
			);
			defaultConfigurationIsVisible = 0;
			defaultConfigurationName = Release;
		};
		143EB3F71D18889C0068BBDB /* Build configuration list for PBXNativeTarget "CatFailableInitializers" */ = {
			isa = XCConfigurationList;
			buildConfigurations = (
				143EB3F81D18889C0068BBDB /* Debug */,
				143EB3F91D18889C0068BBDB /* Release */,
			);
			defaultConfigurationIsVisible = 0;
			defaultConfigurationName = Release;
		};
/* End XCConfigurationList section */
	};
	rootObject = 143EB3DD1D18889C0068BBDB /* Project object */;
}
